
Microsoft Visual Studio Solution File, Format Version 12.00
# Visual Studio Version 17
VisualStudioVersion = 17.7.34031.279
MinimumVisualStudioVersion = 10.0.40219.1
Project("{9A19103F-16F7-4668-BE54-9A1E7A4F7556}") = "HypernodesClient", "HypernodesClient\HypernodesClient.csproj", "{23E6B890-F93E-41A0-900E-266A82CDE30C}"
EndProject
Global
	GlobalSection(SolutionConfigurationPlatforms) = preSolution
		Debug|Any CPU = Debug|Any CPU
		Release|Any CPU = Release|Any CPU
	EndGlobalSection
	GlobalSection(ProjectConfigurationPlatforms) = postSolution
		{23E6B890-F93E-41A0-900E-266A82CDE30C}.Debug|Any CPU.ActiveCfg = Release|Any CPU
		{23E6B890-F93E-41A0-900E-266A82CDE30C}.Debug|Any CPU.Build.0 = Release|Any CPU
		{23E6B890-F93E-41A0-900E-266A82CDE30C}.Release|Any CPU.ActiveCfg = Release|Any CPU
		{23E6B890-F93E-41A0-900E-266A82CDE30C}.Release|Any CPU.Build.0 = Release|Any CPU
	EndGlobalSection
	GlobalSection(SolutionProperties) = preSolution
		HideSolutionNode = FALSE
	EndGlobalSection
	GlobalSection(ExtensibilityGlobals) = postSolution
		SolutionGuid = {10C17983-DA14-432B-944F-5484BFB8FB0B}
	EndGlobalSection
EndGlobal
